
Microsoft Visual Studio Solution File, Format Version 12.00
# Visual Studio Version 17
VisualStudioVersion = 17.4.33213.308
MinimumVisualStudioVersion = 10.0.40219.1
Project("{FAE04EC0-301F-11D3-BF4B-00C04F79EFBC}") = "cakes", "cakes\cakes.csproj", "{2271D97C-D8EA-47D5-A51D-261F59391C5D}"
EndProject
Global
	GlobalSection(SolutionConfigurationPlatforms) = preSolution
		Debug|Any CPU = Debug|Any CPU
		Release|Any CPU = Release|Any CPU
	EndGlobalSection
	GlobalSection(ProjectConfigurationPlatforms) = postSolution
		{2271D97C-D8EA-47D5-A51D-261F59391C5D}.Debug|Any CPU.ActiveCfg = Debug|Any CPU
		{2271D97C-D8EA-47D5-A51D-261F59391C5D}.Debug|Any CPU.Build.0 = Debug|Any CPU
		{2271D97C-D8EA-47D5-A51D-261F59391C5D}.Release|Any CPU.ActiveCfg = Release|Any CPU
		{2271D97C-D8EA-47D5-A51D-261F59391C5D}.Release|Any CPU.Build.0 = Release|Any CPU
	EndGlobalSection
	GlobalSection(SolutionProperties) = preSolution
		HideSolutionNode = FALSE
	EndGlobalSection
	GlobalSection(ExtensibilityGlobals) = postSolution
		SolutionGuid = {990C877F-5C09-4543-B102-BA69E1F813E1}
	EndGlobalSection
EndGlobal
